// !$*UTF8*$!
{
	archiveVersion = 1;
	classes = {
	};
	objectVersion = 56;
	objects = {

/* Begin PBXBuildFile section */
		CE4D00E02A38810400D5BD70 /* EventQrApp.swift in Sources */ = {isa = PBXBuildFile; fileRef = CE4D00DF2A38810400D5BD70 /* EventQrApp.swift */; };
		CE4D00E22A38810400D5BD70 /* ContentView.swift in Sources */ = {isa = PBXBuildFile; fileRef = CE4D00E12A38810400D5BD70 /* ContentView.swift */; };
		CE4D00E42A38810A00D5BD70 /* Assets.xcassets in Resources */ = {isa = PBXBuildFile; fileRef = CE4D00E32A38810A00D5BD70 /* Assets.xcassets */; };
		CE4D00E82A38810A00D5BD70 /* Preview Assets.xcassets in Resources */ = {isa = PBXBuildFile; fileRef = CE4D00E72A38810A00D5BD70 /* Preview Assets.xcassets */; };
		CE4D00F02A38817A00D5BD70 /* Model.swift in Sources */ = {isa = PBXBuildFile; fileRef = CE4D00EF2A38817A00D5BD70 /* Model.swift */; };
		CE4D00F22A38830900D5BD70 /* SignInView.swift in Sources */ = {isa = PBXBuildFile; fileRef = CE4D00F12A38830900D5BD70 /* SignInView.swift */; };
		CE4D00F52A38846E00D5BD70 /* AdminViewModel.swift in Sources */ = {isa = PBXBuildFile; fileRef = CE4D00F42A38846E00D5BD70 /* AdminViewModel.swift */; };
		CE4D01222A3982E400D5BD70 /* FirebaseAuth in Frameworks */ = {isa = PBXBuildFile; productRef = CE4D01212A3982E400D5BD70 /* FirebaseAuth */; };
		CE4D01242A3983FA00D5BD70 /* GoogleService-Info.plist in Resources */ = {isa = PBXBuildFile; fileRef = CE4D01232A3983FA00D5BD70 /* GoogleService-Info.plist */; };
		CE57A5B72A3ABC5B002C9250 /* AdminHome.swift in Sources */ = {isa = PBXBuildFile; fileRef = CE57A5B62A3ABC5B002C9250 /* AdminHome.swift */; };
		CE57A5BB2A3AC677002C9250 /* TabViews.swift in Sources */ = {isa = PBXBuildFile; fileRef = CE57A5BA2A3AC677002C9250 /* TabViews.swift */; };
		CE57A5BD2A3AC73A002C9250 /* ScanQr.swift in Sources */ = {isa = PBXBuildFile; fileRef = CE57A5BC2A3AC73A002C9250 /* ScanQr.swift */; };
		CE57A5BF2A3AC77B002C9250 /* AdminProfile.swift in Sources */ = {isa = PBXBuildFile; fileRef = CE57A5BE2A3AC77B002C9250 /* AdminProfile.swift */; };
		CE57A5C12A3ADC2A002C9250 /* AddEvent.swift in Sources */ = {isa = PBXBuildFile; fileRef = CE57A5C02A3ADC2A002C9250 /* AddEvent.swift */; };
		CE57A5C32A3B243E002C9250 /* ShowEvent.swift in Sources */ = {isa = PBXBuildFile; fileRef = CE57A5C22A3B243E002C9250 /* ShowEvent.swift */; };
		CE57A5C52A3B506A002C9250 /* AddMember.swift in Sources */ = {isa = PBXBuildFile; fileRef = CE57A5C42A3B506A002C9250 /* AddMember.swift */; };
		CE57A5C82A3D0DDF002C9250 /* FirebaseFirestore in Frameworks */ = {isa = PBXBuildFile; productRef = CE57A5C72A3D0DDF002C9250 /* FirebaseFirestore */; };
		CE57A5CA2A3DCD6F002C9250 /* FirebaseStorage in Frameworks */ = {isa = PBXBuildFile; productRef = CE57A5C92A3DCD6F002C9250 /* FirebaseStorage */; };
		CE57A5CE2A3E2C70002C9250 /* ImagePicker.swift in Sources */ = {isa = PBXBuildFile; fileRef = CE57A5CB2A3E2C6F002C9250 /* ImagePicker.swift */; };
		CE57A5CF2A3E2C70002C9250 /* imagePicker.xcdatamodeld in Sources */ = {isa = PBXBuildFile; fileRef = CE57A5CC2A3E2C6F002C9250 /* imagePicker.xcdatamodeld */; };
		CE57A5D32A3E6B4E002C9250 /* SignUpPage.swift in Sources */ = {isa = PBXBuildFile; fileRef = CE57A5D22A3E6B4E002C9250 /* SignUpPage.swift */; };
		CE57A5D52A3EE9E3002C9250 /* UserViewModel.swift in Sources */ = {isa = PBXBuildFile; fileRef = CE57A5D42A3EE9E2002C9250 /* UserViewModel.swift */; };
		CEE5AAEE2A439EDC0040FB85 /* SPAlert in Frameworks */ = {isa = PBXBuildFile; productRef = CEE5AAED2A439EDC0040FB85 /* SPAlert */; };
		CEF0EC7E2A40616B009AE466 /* ChooseCreateMember.swift in Sources */ = {isa = PBXBuildFile; fileRef = CEF0EC7D2A40616B009AE466 /* ChooseCreateMember.swift */; };
		CEF0EC802A4063DA009AE466 /* MemberViewModel.swift in Sources */ = {isa = PBXBuildFile; fileRef = CEF0EC7F2A4063DA009AE466 /* MemberViewModel.swift */; };
		CEF7239D2A4179DA00C1D637 /* ShowMember.swift in Sources */ = {isa = PBXBuildFile; fileRef = CEF7239C2A4179DA00C1D637 /* ShowMember.swift */; };
		EACC47FC2A41AAC4007BD560 /* FirebaseDatabase in Frameworks */ = {isa = PBXBuildFile; productRef = EACC47FB2A41AAC4007BD560 /* FirebaseDatabase */; };
		EACC47FE2A4204AA007BD560 /* Scan.swift in Sources */ = {isa = PBXBuildFile; fileRef = EACC47FD2A4204A9007BD560 /* Scan.swift */; };
		EACC48022A4215CE007BD560 /* CodeScanner in Frameworks */ = {isa = PBXBuildFile; productRef = EACC48012A4215CE007BD560 /* CodeScanner */; };
/* End PBXBuildFile section */

/* Begin PBXFileReference section */
		CE4D00DC2A38810400D5BD70 /* EventQr.app */ = {isa = PBXFileReference; explicitFileType = wrapper.application; includeInIndex = 0; path = EventQr.app; sourceTree = BUILT_PRODUCTS_DIR; };
		CE4D00DF2A38810400D5BD70 /* EventQrApp.swift */ = {isa = PBXFileReference; lastKnownFileType = sourcecode.swift; path = EventQrApp.swift; sourceTree = "<group>"; };
		CE4D00E12A38810400D5BD70 /* ContentView.swift */ = {isa = PBXFileReference; lastKnownFileType = sourcecode.swift; path = ContentView.swift; sourceTree = "<group>"; };
		CE4D00E32A38810A00D5BD70 /* Assets.xcassets */ = {isa = PBXFileReference; lastKnownFileType = folder.assetcatalog; path = Assets.xcassets; sourceTree = "<group>"; };
		CE4D00E52A38810A00D5BD70 /* EventQr.entitlements */ = {isa = PBXFileReference; lastKnownFileType = text.plist.entitlements; path = EventQr.entitlements; sourceTree = "<group>"; };
		CE4D00E72A38810A00D5BD70 /* Preview Assets.xcassets */ = {isa = PBXFileReference; lastKnownFileType = folder.assetcatalog; path = "Preview Assets.xcassets"; sourceTree = "<group>"; };
		CE4D00EF2A38817A00D5BD70 /* Model.swift */ = {isa = PBXFileReference; lastKnownFileType = sourcecode.swift; path = Model.swift; sourceTree = "<group>"; };
		CE4D00F12A38830900D5BD70 /* SignInView.swift */ = {isa = PBXFileReference; lastKnownFileType = sourcecode.swift; path = SignInView.swift; sourceTree = "<group>"; };
		CE4D00F42A38846E00D5BD70 /* AdminViewModel.swift */ = {isa = PBXFileReference; lastKnownFileType = sourcecode.swift; path = AdminViewModel.swift; sourceTree = "<group>"; };
		CE4D01232A3983FA00D5BD70 /* GoogleService-Info.plist */ = {isa = PBXFileReference; fileEncoding = 4; lastKnownFileType = text.plist.xml; path = "GoogleService-Info.plist"; sourceTree = "<group>"; };
		CE57A5B62A3ABC5B002C9250 /* AdminHome.swift */ = {isa = PBXFileReference; lastKnownFileType = sourcecode.swift; path = AdminHome.swift; sourceTree = "<group>"; };
		CE57A5BA2A3AC677002C9250 /* TabViews.swift */ = {isa = PBXFileReference; lastKnownFileType = sourcecode.swift; path = TabViews.swift; sourceTree = "<group>"; };
		CE57A5BC2A3AC73A002C9250 /* ScanQr.swift */ = {isa = PBXFileReference; lastKnownFileType = sourcecode.swift; path = ScanQr.swift; sourceTree = "<group>"; };
		CE57A5BE2A3AC77B002C9250 /* AdminProfile.swift */ = {isa = PBXFileReference; lastKnownFileType = sourcecode.swift; path = AdminProfile.swift; sourceTree = "<group>"; };
		CE57A5C02A3ADC2A002C9250 /* AddEvent.swift */ = {isa = PBXFileReference; lastKnownFileType = sourcecode.swift; path = AddEvent.swift; sourceTree = "<group>"; };
		CE57A5C22A3B243E002C9250 /* ShowEvent.swift */ = {isa = PBXFileReference; lastKnownFileType = sourcecode.swift; path = ShowEvent.swift; sourceTree = "<group>"; };
		CE57A5C42A3B506A002C9250 /* AddMember.swift */ = {isa = PBXFileReference; lastKnownFileType = sourcecode.swift; path = AddMember.swift; sourceTree = "<group>"; };
		CE57A5CB2A3E2C6F002C9250 /* ImagePicker.swift */ = {isa = PBXFileReference; fileEncoding = 4; lastKnownFileType = sourcecode.swift; path = ImagePicker.swift; sourceTree = "<group>"; };
		CE57A5CD2A3E2C6F002C9250 /* imagePicker.xcdatamodel */ = {isa = PBXFileReference; lastKnownFileType = wrapper.xcdatamodel; path = imagePicker.xcdatamodel; sourceTree = "<group>"; };
		CE57A5D22A3E6B4E002C9250 /* SignUpPage.swift */ = {isa = PBXFileReference; lastKnownFileType = sourcecode.swift; path = SignUpPage.swift; sourceTree = "<group>"; };
		CE57A5D42A3EE9E2002C9250 /* UserViewModel.swift */ = {isa = PBXFileReference; lastKnownFileType = sourcecode.swift; path = UserViewModel.swift; sourceTree = "<group>"; };
		CEF0EC7D2A40616B009AE466 /* ChooseCreateMember.swift */ = {isa = PBXFileReference; lastKnownFileType = sourcecode.swift; path = ChooseCreateMember.swift; sourceTree = "<group>"; };
		CEF0EC7F2A4063DA009AE466 /* MemberViewModel.swift */ = {isa = PBXFileReference; lastKnownFileType = sourcecode.swift; path = MemberViewModel.swift; sourceTree = "<group>"; };
		CEF7239C2A4179DA00C1D637 /* ShowMember.swift */ = {isa = PBXFileReference; lastKnownFileType = sourcecode.swift; path = ShowMember.swift; sourceTree = "<group>"; };
		EACC47FD2A4204A9007BD560 /* Scan.swift */ = {isa = PBXFileReference; lastKnownFileType = sourcecode.swift; path = Scan.swift; sourceTree = "<group>"; };
		EACC47FF2A421522007BD560 /* Info.plist */ = {isa = PBXFileReference; lastKnownFileType = text.plist; path = Info.plist; sourceTree = "<group>"; };
/* End PBXFileReference section */

/* Begin PBXFrameworksBuildPhase section */
		CE4D00D92A38810400D5BD70 /* Frameworks */ = {
			isa = PBXFrameworksBuildPhase;
			buildActionMask = 2147483647;
			files = (
				CEE5AAEE2A439EDC0040FB85 /* SPAlert in Frameworks */,
				CE4D01222A3982E400D5BD70 /* FirebaseAuth in Frameworks */,
				CE57A5C82A3D0DDF002C9250 /* FirebaseFirestore in Frameworks */,
				EACC47FC2A41AAC4007BD560 /* FirebaseDatabase in Frameworks */,
				CE57A5CA2A3DCD6F002C9250 /* FirebaseStorage in Frameworks */,
				EACC48022A4215CE007BD560 /* CodeScanner in Frameworks */,
			);
			runOnlyForDeploymentPostprocessing = 0;
		};
/* End PBXFrameworksBuildPhase section */

/* Begin PBXGroup section */
		CE4D00D32A38810300D5BD70 = {
			isa = PBXGroup;
			children = (
				CE4D00DE2A38810400D5BD70 /* EventQr */,
				CE4D00DD2A38810400D5BD70 /* Products */,
				CE57A5C62A3D0DDF002C9250 /* Frameworks */,
			);
			sourceTree = "<group>";
		};
		CE4D00DD2A38810400D5BD70 /* Products */ = {
			isa = PBXGroup;
			children = (
				CE4D00DC2A38810400D5BD70 /* EventQr.app */,
			);
			name = Products;
			sourceTree = "<group>";
		};
		CE4D00DE2A38810400D5BD70 /* EventQr */ = {
			isa = PBXGroup;
			children = (
				EACC47FF2A421522007BD560 /* Info.plist */,
				CE4D00EE2A38813100D5BD70 /* Model */,
				CE4D00F32A38831000D5BD70 /* AdminView */,
				CE4D00DF2A38810400D5BD70 /* EventQrApp.swift */,
				CE4D00E12A38810400D5BD70 /* ContentView.swift */,
				CE57A5BC2A3AC73A002C9250 /* ScanQr.swift */,
				CE57A5CB2A3E2C6F002C9250 /* ImagePicker.swift */,
				CE57A5CC2A3E2C6F002C9250 /* imagePicker.xcdatamodeld */,
				CE4D00E32A38810A00D5BD70 /* Assets.xcassets */,
				CE4D00E52A38810A00D5BD70 /* EventQr.entitlements */,
				CE4D01232A3983FA00D5BD70 /* GoogleService-Info.plist */,
				CE4D00E62A38810A00D5BD70 /* Preview Content */,
			);
			path = EventQr;
			sourceTree = "<group>";
		};
		CE4D00E62A38810A00D5BD70 /* Preview Content */ = {
			isa = PBXGroup;
			children = (
				CE4D00E72A38810A00D5BD70 /* Preview Assets.xcassets */,
			);
			path = "Preview Content";
			sourceTree = "<group>";
		};
		CE4D00EE2A38813100D5BD70 /* Model */ = {
			isa = PBXGroup;
			children = (
				CE4D00EF2A38817A00D5BD70 /* Model.swift */,
				CE4D00F62A38848600D5BD70 /* ViewModel */,
			);
			path = Model;
			sourceTree = "<group>";
		};
		CE4D00F32A38831000D5BD70 /* AdminView */ = {
			isa = PBXGroup;
			children = (
				CE4D00F12A38830900D5BD70 /* SignInView.swift */,
				CE57A5BA2A3AC677002C9250 /* TabViews.swift */,
				CE57A5B62A3ABC5B002C9250 /* AdminHome.swift */,
				CE57A5BE2A3AC77B002C9250 /* AdminProfile.swift */,
				CE57A5C02A3ADC2A002C9250 /* AddEvent.swift */,
				CE57A5C22A3B243E002C9250 /* ShowEvent.swift */,
				CE57A5C42A3B506A002C9250 /* AddMember.swift */,
				CE57A5D22A3E6B4E002C9250 /* SignUpPage.swift */,
				CEF0EC7D2A40616B009AE466 /* ChooseCreateMember.swift */,
				CEF7239C2A4179DA00C1D637 /* ShowMember.swift */,
				EACC47FD2A4204A9007BD560 /* Scan.swift */,
			);
			path = AdminView;
			sourceTree = "<group>";
		};
		CE4D00F62A38848600D5BD70 /* ViewModel */ = {
			isa = PBXGroup;
			children = (
				CE4D00F42A38846E00D5BD70 /* AdminViewModel.swift */,
				CEF0EC7F2A4063DA009AE466 /* MemberViewModel.swift */,
				CE57A5D42A3EE9E2002C9250 /* UserViewModel.swift */,
			);
			path = ViewModel;
			sourceTree = "<group>";
		};
		CE57A5C62A3D0DDF002C9250 /* Frameworks */ = {
			isa = PBXGroup;
			children = (
			);
			name = Frameworks;
			sourceTree = "<group>";
		};
/* End PBXGroup section */

/* Begin PBXNativeTarget section */
		CE4D00DB2A38810400D5BD70 /* EventQr */ = {
			isa = PBXNativeTarget;
			buildConfigurationList = CE4D00EB2A38810A00D5BD70 /* Build configuration list for PBXNativeTarget "EventQr" */;
			buildPhases = (
				CE4D00D82A38810400D5BD70 /* Sources */,
				CE4D00D92A38810400D5BD70 /* Frameworks */,
				CE4D00DA2A38810400D5BD70 /* Resources */,
			);
			buildRules = (
			);
			dependencies = (
			);
			name = EventQr;
			packageProductDependencies = (
				CE4D01212A3982E400D5BD70 /* FirebaseAuth */,
				CE57A5C72A3D0DDF002C9250 /* FirebaseFirestore */,
				CE57A5C92A3DCD6F002C9250 /* FirebaseStorage */,
				EACC47FB2A41AAC4007BD560 /* FirebaseDatabase */,
				EACC48012A4215CE007BD560 /* CodeScanner */,
				CEE5AAED2A439EDC0040FB85 /* SPAlert */,
			);
			productName = EventQr;
			productReference = CE4D00DC2A38810400D5BD70 /* EventQr.app */;
			productType = "com.apple.product-type.application";
		};
/* End PBXNativeTarget section */

/* Begin PBXProject section */
		CE4D00D42A38810400D5BD70 /* Project object */ = {
			isa = PBXProject;
			attributes = {
				BuildIndependentTargetsInParallel = 1;
				LastSwiftUpdateCheck = 1430;
				LastUpgradeCheck = 1430;
				TargetAttributes = {
					CE4D00DB2A38810400D5BD70 = {
						CreatedOnToolsVersion = 14.3.1;
					};
				};
			};
			buildConfigurationList = CE4D00D72A38810400D5BD70 /* Build configuration list for PBXProject "EventQr" */;
			compatibilityVersion = "Xcode 14.0";
			developmentRegion = en;
			hasScannedForEncodings = 0;
			knownRegions = (
				en,
				Base,
			);
			mainGroup = CE4D00D32A38810300D5BD70;
			packageReferences = (
				CE4D01202A3982E300D5BD70 /* XCRemoteSwiftPackageReference "firebase-ios-sdk" */,
				EACC48002A4215CE007BD560 /* XCRemoteSwiftPackageReference "CodeScanner" */,
				CEE5AAEC2A439EDB0040FB85 /* XCRemoteSwiftPackageReference "SPAlert" */,
			);
			productRefGroup = CE4D00DD2A38810400D5BD70 /* Products */;
			projectDirPath = "";
			projectRoot = "";
			targets = (
				CE4D00DB2A38810400D5BD70 /* EventQr */,
			);
		};
/* End PBXProject section */

/* Begin PBXResourcesBuildPhase section */
		CE4D00DA2A38810400D5BD70 /* Resources */ = {
			isa = PBXResourcesBuildPhase;
			buildActionMask = 2147483647;
			files = (
				CE4D01242A3983FA00D5BD70 /* GoogleService-Info.plist in Resources */,
				CE4D00E82A38810A00D5BD70 /* Preview Assets.xcassets in Resources */,
				CE4D00E42A38810A00D5BD70 /* Assets.xcassets in Resources */,
			);
			runOnlyForDeploymentPostprocessing = 0;
		};
/* End PBXResourcesBuildPhase section */

/* Begin PBXSourcesBuildPhase section */
		CE4D00D82A38810400D5BD70 /* Sources */ = {
			isa = PBXSourcesBuildPhase;
			buildActionMask = 2147483647;
			files = (
				CE57A5CE2A3E2C70002C9250 /* ImagePicker.swift in Sources */,
				CE57A5B72A3ABC5B002C9250 /* AdminHome.swift in Sources */,
				CEF0EC7E2A40616B009AE466 /* ChooseCreateMember.swift in Sources */,
				CE4D00F52A38846E00D5BD70 /* AdminViewModel.swift in Sources */,
				CE57A5BB2A3AC677002C9250 /* TabViews.swift in Sources */,
				CE57A5C52A3B506A002C9250 /* AddMember.swift in Sources */,
				CE4D00F02A38817A00D5BD70 /* Model.swift in Sources */,
				CE57A5C32A3B243E002C9250 /* ShowEvent.swift in Sources */,
				CEF0EC802A4063DA009AE466 /* MemberViewModel.swift in Sources */,
				CE57A5BF2A3AC77B002C9250 /* AdminProfile.swift in Sources */,
				CE4D00E22A38810400D5BD70 /* ContentView.swift in Sources */,
				CE57A5D52A3EE9E3002C9250 /* UserViewModel.swift in Sources */,
				CEF7239D2A4179DA00C1D637 /* ShowMember.swift in Sources */,
				CE57A5C12A3ADC2A002C9250 /* AddEvent.swift in Sources */,
				EACC47FE2A4204AA007BD560 /* Scan.swift in Sources */,
				CE4D00F22A38830900D5BD70 /* SignInView.swift in Sources */,
				CE4D00E02A38810400D5BD70 /* EventQrApp.swift in Sources */,
				CE57A5BD2A3AC73A002C9250 /* ScanQr.swift in Sources */,
				CE57A5D32A3E6B4E002C9250 /* SignUpPage.swift in Sources */,
				CE57A5CF2A3E2C70002C9250 /* imagePicker.xcdatamodeld in Sources */,
			);
			runOnlyForDeploymentPostprocessing = 0;
		};
/* End PBXSourcesBuildPhase section */

/* Begin XCBuildConfiguration section */
		CE4D00E92A38810A00D5BD70 /* Debug */ = {
			isa = XCBuildConfiguration;
			buildSettings = {
				ALWAYS_SEARCH_USER_PATHS = NO;
				CLANG_ANALYZER_NONNULL = YES;
				CLANG_ANALYZER_NUMBER_OBJECT_CONVERSION = YES_AGGRESSIVE;
				CLANG_CXX_LANGUAGE_STANDARD = "gnu++20";
				CLANG_ENABLE_MODULES = YES;
				CLANG_ENABLE_OBJC_ARC = YES;
				CLANG_ENABLE_OBJC_WEAK = YES;
				CLANG_WARN_BLOCK_CAPTURE_AUTORELEASING = YES;
				CLANG_WARN_BOOL_CONVERSION = YES;
				CLANG_WARN_COMMA = YES;
				CLANG_WARN_CONSTANT_CONVERSION = YES;
				CLANG_WARN_DEPRECATED_OBJC_IMPLEMENTATIONS = YES;
				CLANG_WARN_DIRECT_OBJC_ISA_USAGE = YES_ERROR;
				CLANG_WARN_DOCUMENTATION_COMMENTS = YES;
				CLANG_WARN_EMPTY_BODY = YES;
				CLANG_WARN_ENUM_CONVERSION = YES;
				CLANG_WARN_INFINITE_RECURSION = YES;
				CLANG_WARN_INT_CONVERSION = YES;
				CLANG_WARN_NON_LITERAL_NULL_CONVERSION = YES;
				CLANG_WARN_OBJC_IMPLICIT_RETAIN_SELF = YES;
				CLANG_WARN_OBJC_LITERAL_CONVERSION = YES;
				CLANG_WARN_OBJC_ROOT_CLASS = YES_ERROR;
				CLANG_WARN_QUOTED_INCLUDE_IN_FRAMEWORK_HEADER = YES;
				CLANG_WARN_RANGE_LOOP_ANALYSIS = YES;
				CLANG_WARN_STRICT_PROTOTYPES = YES;
				CLANG_WARN_SUSPICIOUS_MOVE = YES;
				CLANG_WARN_UNGUARDED_AVAILABILITY = YES_AGGRESSIVE;
				CLANG_WARN_UNREACHABLE_CODE = YES;
				CLANG_WARN__DUPLICATE_METHOD_MATCH = YES;
				COPY_PHASE_STRIP = NO;
				DEBUG_INFORMATION_FORMAT = dwarf;
				ENABLE_STRICT_OBJC_MSGSEND = YES;
				ENABLE_TESTABILITY = YES;
				GCC_C_LANGUAGE_STANDARD = gnu11;
				GCC_DYNAMIC_NO_PIC = NO;
				GCC_NO_COMMON_BLOCKS = YES;
				GCC_OPTIMIZATION_LEVEL = 0;
				GCC_PREPROCESSOR_DEFINITIONS = (
					"DEBUG=1",
					"$(inherited)",
				);
				GCC_WARN_64_TO_32_BIT_CONVERSION = YES;
				GCC_WARN_ABOUT_RETURN_TYPE = YES_ERROR;
				GCC_WARN_UNDECLARED_SELECTOR = YES;
				GCC_WARN_UNINITIALIZED_AUTOS = YES_AGGRESSIVE;
				GCC_WARN_UNUSED_FUNCTION = YES;
				GCC_WARN_UNUSED_VARIABLE = YES;
				MTL_ENABLE_DEBUG_INFO = INCLUDE_SOURCE;
				MTL_FAST_MATH = YES;
				ONLY_ACTIVE_ARCH = YES;
				SWIFT_ACTIVE_COMPILATION_CONDITIONS = DEBUG;
				SWIFT_OPTIMIZATION_LEVEL = "-Onone";
			};
			name = Debug;
		};
		CE4D00EA2A38810A00D5BD70 /* Release */ = {
			isa = XCBuildConfiguration;
			buildSettings = {
				ALWAYS_SEARCH_USER_PATHS = NO;
				CLANG_ANALYZER_NONNULL = YES;
				CLANG_ANALYZER_NUMBER_OBJECT_CONVERSION = YES_AGGRESSIVE;
				CLANG_CXX_LANGUAGE_STANDARD = "gnu++20";
				CLANG_ENABLE_MODULES = YES;
				CLANG_ENABLE_OBJC_ARC = YES;
				CLANG_ENABLE_OBJC_WEAK = YES;
				CLANG_WARN_BLOCK_CAPTURE_AUTORELEASING = YES;
				CLANG_WARN_BOOL_CONVERSION = YES;
				CLANG_WARN_COMMA = YES;
				CLANG_WARN_CONSTANT_CONVERSION = YES;
				CLANG_WARN_DEPRECATED_OBJC_IMPLEMENTATIONS = YES;
				CLANG_WARN_DIRECT_OBJC_ISA_USAGE = YES_ERROR;
				CLANG_WARN_DOCUMENTATION_COMMENTS = YES;
				CLANG_WARN_EMPTY_BODY = YES;
				CLANG_WARN_ENUM_CONVERSION = YES;
				CLANG_WARN_INFINITE_RECURSION = YES;
				CLANG_WARN_INT_CONVERSION = YES;
				CLANG_WARN_NON_LITERAL_NULL_CONVERSION = YES;
				CLANG_WARN_OBJC_IMPLICIT_RETAIN_SELF = YES;
				CLANG_WARN_OBJC_LITERAL_CONVERSION = YES;
				CLANG_WARN_OBJC_ROOT_CLASS = YES_ERROR;
				CLANG_WARN_QUOTED_INCLUDE_IN_FRAMEWORK_HEADER = YES;
				CLANG_WARN_RANGE_LOOP_ANALYSIS = YES;
				CLANG_WARN_STRICT_PROTOTYPES = YES;
				CLANG_WARN_SUSPICIOUS_MOVE = YES;
				CLANG_WARN_UNGUARDED_AVAILABILITY = YES_AGGRESSIVE;
				CLANG_WARN_UNREACHABLE_CODE = YES;
				CLANG_WARN__DUPLICATE_METHOD_MATCH = YES;
				COPY_PHASE_STRIP = NO;
				DEBUG_INFORMATION_FORMAT = "dwarf-with-dsym";
				ENABLE_NS_ASSERTIONS = NO;
				ENABLE_STRICT_OBJC_MSGSEND = YES;
				GCC_C_LANGUAGE_STANDARD = gnu11;
				GCC_NO_COMMON_BLOCKS = YES;
				GCC_WARN_64_TO_32_BIT_CONVERSION = YES;
				GCC_WARN_ABOUT_RETURN_TYPE = YES_ERROR;
				GCC_WARN_UNDECLARED_SELECTOR = YES;
				GCC_WARN_UNINITIALIZED_AUTOS = YES_AGGRESSIVE;
				GCC_WARN_UNUSED_FUNCTION = YES;
				GCC_WARN_UNUSED_VARIABLE = YES;
				MTL_ENABLE_DEBUG_INFO = NO;
				MTL_FAST_MATH = YES;
				SWIFT_COMPILATION_MODE = wholemodule;
				SWIFT_OPTIMIZATION_LEVEL = "-O";
			};
			name = Release;
		};
		CE4D00EC2A38810A00D5BD70 /* Debug */ = {
			isa = XCBuildConfiguration;
			buildSettings = {
				ASSETCATALOG_COMPILER_APPICON_NAME = AppIcon;
				ASSETCATALOG_COMPILER_GLOBAL_ACCENT_COLOR_NAME = AccentColor;
				CODE_SIGN_ENTITLEMENTS = EventQr/EventQr.entitlements;
				CODE_SIGN_STYLE = Automatic;
				CURRENT_PROJECT_VERSION = 1;
				DEVELOPMENT_ASSET_PATHS = "\"EventQr/Preview Content\"";
				DEVELOPMENT_TEAM = 94RFRU94AH;
				ENABLE_HARDENED_RUNTIME = YES;
				ENABLE_PREVIEWS = YES;
				GENERATE_INFOPLIST_FILE = YES;
				INFOPLIST_FILE = EventQr/Info.plist;
				INFOPLIST_KEY_NSCameraUsageDescription = "";
				"INFOPLIST_KEY_UIApplicationSceneManifest_Generation[sdk=iphoneos*]" = YES;
				"INFOPLIST_KEY_UIApplicationSceneManifest_Generation[sdk=iphonesimulator*]" = YES;
				"INFOPLIST_KEY_UIApplicationSupportsIndirectInputEvents[sdk=iphoneos*]" = YES;
				"INFOPLIST_KEY_UIApplicationSupportsIndirectInputEvents[sdk=iphonesimulator*]" = YES;
				"INFOPLIST_KEY_UILaunchScreen_Generation[sdk=iphoneos*]" = YES;
				"INFOPLIST_KEY_UILaunchScreen_Generation[sdk=iphonesimulator*]" = YES;
				"INFOPLIST_KEY_UIStatusBarStyle[sdk=iphoneos*]" = UIStatusBarStyleDefault;
				"INFOPLIST_KEY_UIStatusBarStyle[sdk=iphonesimulator*]" = UIStatusBarStyleDefault;
				INFOPLIST_KEY_UISupportedInterfaceOrientations_iPad = "UIInterfaceOrientationPortrait UIInterfaceOrientationPortraitUpsideDown UIInterfaceOrientationLandscapeLeft UIInterfaceOrientationLandscapeRight";
				INFOPLIST_KEY_UISupportedInterfaceOrientations_iPhone = "UIInterfaceOrientationPortrait UIInterfaceOrientationLandscapeLeft UIInterfaceOrientationLandscapeRight";
				IPHONEOS_DEPLOYMENT_TARGET = 16.4;
				LD_RUNPATH_SEARCH_PATHS = "@executable_path/Frameworks";
				"LD_RUNPATH_SEARCH_PATHS[sdk=macosx*]" = "@executable_path/../Frameworks";
				MACOSX_DEPLOYMENT_TARGET = 13.3;
				MARKETING_VERSION = 1.0;
				PRODUCT_BUNDLE_IDENTIFIER = mariam.EventQr.com.EventQr;
				PRODUCT_NAME = "$(TARGET_NAME)";
				SDKROOT = auto;
				SUPPORTED_PLATFORMS = "iphoneos iphonesimulator macosx";
				SWIFT_EMIT_LOC_STRINGS = YES;
				SWIFT_VERSION = 5.0;
				TARGETED_DEVICE_FAMILY = "1,2";
			};
			name = Debug;
		};
		CE4D00ED2A38810A00D5BD70 /* Release */ = {
			isa = XCBuildConfiguration;
			buildSettings = {
				ASSETCATALOG_COMPILER_APPICON_NAME = AppIcon;
				ASSETCATALOG_COMPILER_GLOBAL_ACCENT_COLOR_NAME = AccentColor;
				CODE_SIGN_ENTITLEMENTS = EventQr/EventQr.entitlements;
				CODE_SIGN_STYLE = Automatic;
				CURRENT_PROJECT_VERSION = 1;
				DEVELOPMENT_ASSET_PATHS = "\"EventQr/Preview Content\"";
				DEVELOPMENT_TEAM = 94RFRU94AH;
				ENABLE_HARDENED_RUNTIME = YES;
				ENABLE_PREVIEWS = YES;
				GENERATE_INFOPLIST_FILE = YES;
				INFOPLIST_FILE = EventQr/Info.plist;
				INFOPLIST_KEY_NSCameraUsageDescription = "";
				"INFOPLIST_KEY_UIApplicationSceneManifest_Generation[sdk=iphoneos*]" = YES;
				"INFOPLIST_KEY_UIApplicationSceneManifest_Generation[sdk=iphonesimulator*]" = YES;
				"INFOPLIST_KEY_UIApplicationSupportsIndirectInputEvents[sdk=iphoneos*]" = YES;
				"INFOPLIST_KEY_UIApplicationSupportsIndirectInputEvents[sdk=iphonesimulator*]" = YES;
				"INFOPLIST_KEY_UILaunchScreen_Generation[sdk=iphoneos*]" = YES;
				"INFOPLIST_KEY_UILaunchScreen_Generation[sdk=iphonesimulator*]" = YES;
				"INFOPLIST_KEY_UIStatusBarStyle[sdk=iphoneos*]" = UIStatusBarStyleDefault;
				"INFOPLIST_KEY_UIStatusBarStyle[sdk=iphonesimulator*]" = UIStatusBarStyleDefault;
				INFOPLIST_KEY_UISupportedInterfaceOrientations_iPad = "UIInterfaceOrientationPortrait UIInterfaceOrientationPortraitUpsideDown UIInterfaceOrientationLandscapeLeft UIInterfaceOrientationLandscapeRight";
				INFOPLIST_KEY_UISupportedInterfaceOrientations_iPhone = "UIInterfaceOrientationPortrait UIInterfaceOrientationLandscapeLeft UIInterfaceOrientationLandscapeRight";
				IPHONEOS_DEPLOYMENT_TARGET = 16.4;
				LD_RUNPATH_SEARCH_PATHS = "@executable_path/Frameworks";
				"LD_RUNPATH_SEARCH_PATHS[sdk=macosx*]" = "@executable_path/../Frameworks";
				MACOSX_DEPLOYMENT_TARGET = 13.3;
				MARKETING_VERSION = 1.0;
				PRODUCT_BUNDLE_IDENTIFIER = mariam.EventQr.com.EventQr;
				PRODUCT_NAME = "$(TARGET_NAME)";
				SDKROOT = auto;
				SUPPORTED_PLATFORMS = "iphoneos iphonesimulator macosx";
				SWIFT_EMIT_LOC_STRINGS = YES;
				SWIFT_VERSION = 5.0;
				TARGETED_DEVICE_FAMILY = "1,2";
			};
			name = Release;
		};
/* End XCBuildConfiguration section */

/* Begin XCConfigurationList section */
		CE4D00D72A38810400D5BD70 /* Build configuration list for PBXProject "EventQr" */ = {
			isa = XCConfigurationList;
			buildConfigurations = (
				CE4D00E92A38810A00D5BD70 /* Debug */,
				CE4D00EA2A38810A00D5BD70 /* Release */,
			);
			defaultConfigurationIsVisible = 0;
			defaultConfigurationName = Release;
		};
		CE4D00EB2A38810A00D5BD70 /* Build configuration list for PBXNativeTarget "EventQr" */ = {
			isa = XCConfigurationList;
			buildConfigurations = (
				CE4D00EC2A38810A00D5BD70 /* Debug */,
				CE4D00ED2A38810A00D5BD70 /* Release */,
			);
			defaultConfigurationIsVisible = 0;
			defaultConfigurationName = Release;
		};
/* End XCConfigurationList section */

/* Begin XCRemoteSwiftPackageReference section */
		CE4D01202A3982E300D5BD70 /* XCRemoteSwiftPackageReference "firebase-ios-sdk" */ = {
			isa = XCRemoteSwiftPackageReference;
			repositoryURL = "https://github.com/firebase/firebase-ios-sdk.git";
			requirement = {
				kind = upToNextMajorVersion;
				minimumVersion = 10.0.0;
			};
		};
		CEE5AAEC2A439EDB0040FB85 /* XCRemoteSwiftPackageReference "SPAlert" */ = {
			isa = XCRemoteSwiftPackageReference;
			repositoryURL = "https://github.com/ivanvorobei/SPAlert.git";
			requirement = {
				kind = upToNextMajorVersion;
				minimumVersion = 4.0.0;
			};
		};
		EACC48002A4215CE007BD560 /* XCRemoteSwiftPackageReference "CodeScanner" */ = {
			isa = XCRemoteSwiftPackageReference;
			repositoryURL = "https://github.com/twostraws/CodeScanner.git";
			requirement = {
				kind = upToNextMajorVersion;
				minimumVersion = 2.0.0;
			};
		};
/* End XCRemoteSwiftPackageReference section */

/* Begin XCSwiftPackageProductDependency section */
		CE4D01212A3982E400D5BD70 /* FirebaseAuth */ = {
			isa = XCSwiftPackageProductDependency;
			package = CE4D01202A3982E300D5BD70 /* XCRemoteSwiftPackageReference "firebase-ios-sdk" */;
			productName = FirebaseAuth;
		};
		CE57A5C72A3D0DDF002C9250 /* FirebaseFirestore */ = {
			isa = XCSwiftPackageProductDependency;
			package = CE4D01202A3982E300D5BD70 /* XCRemoteSwiftPackageReference "firebase-ios-sdk" */;
			productName = FirebaseFirestore;
		};
		CE57A5C92A3DCD6F002C9250 /* FirebaseStorage */ = {
			isa = XCSwiftPackageProductDependency;
			package = CE4D01202A3982E300D5BD70 /* XCRemoteSwiftPackageReference "firebase-ios-sdk" */;
			productName = FirebaseStorage;
		};
		CEE5AAED2A439EDC0040FB85 /* SPAlert */ = {
			isa = XCSwiftPackageProductDependency;
			package = CEE5AAEC2A439EDB0040FB85 /* XCRemoteSwiftPackageReference "SPAlert" */;
			productName = SPAlert;
		};
		EACC47FB2A41AAC4007BD560 /* FirebaseDatabase */ = {
			isa = XCSwiftPackageProductDependency;
			package = CE4D01202A3982E300D5BD70 /* XCRemoteSwiftPackageReference "firebase-ios-sdk" */;
			productName = FirebaseDatabase;
		};
		EACC48012A4215CE007BD560 /* CodeScanner */ = {
			isa = XCSwiftPackageProductDependency;
			package = EACC48002A4215CE007BD560 /* XCRemoteSwiftPackageReference "CodeScanner" */;
			productName = CodeScanner;
		};
/* End XCSwiftPackageProductDependency section */

/* Begin XCVersionGroup section */
		CE57A5CC2A3E2C6F002C9250 /* imagePicker.xcdatamodeld */ = {
			isa = XCVersionGroup;
			children = (
				CE57A5CD2A3E2C6F002C9250 /* imagePicker.xcdatamodel */,
			);
			currentVersion = CE57A5CD2A3E2C6F002C9250 /* imagePicker.xcdatamodel */;
			path = imagePicker.xcdatamodeld;
			sourceTree = "<group>";
			versionGroupType = wrapper.xcdatamodel;
		};
/* End XCVersionGroup section */
	};
	rootObject = CE4D00D42A38810400D5BD70 /* Project object */;
}
